
Microsoft Visual Studio Solution File, Format Version 12.00
# Visual Studio Version 17
VisualStudioVersion = 17.7.34202.233
MinimumVisualStudioVersion = 10.0.40219.1
Project("{FAE04EC0-301F-11D3-BF4B-00C04F79EFBC}") = "CSharpProgramming_ArananYazilimciOlmak", "CSharpProgramming\CSharpProgramming_ArananYazilimciOlmak.csproj", "{DBCBE5EA-002A-4A3D-B4D3-2D2A87922087}"
EndProject
Project("{9A19103F-16F7-4668-BE54-9A1E7A4F7556}") = "CSharpProgramming_KurumsalYazilimGelistirmeTeknikleri", "CSharpProgramming_KurumsalYazilimGelistirmeTeknikleri\CSharpProgramming_KurumsalYazilimGelistirmeTeknikleri.csproj", "{2E9F96FC-DDA5-4BA6-B449-E160BC300913}"
EndProject
Project("{9A19103F-16F7-4668-BE54-9A1E7A4F7556}") = "CSharpProgramming_SOLID_YazilimGelistirmePrensipleri", "CSharpProgramming_SOLID_YazilimGelistirmePrensipleri\CSharpProgramming_SOLID_YazilimGelistirmePrensipleri.csproj", "{30984093-E314-43D1-A68E-3BF8556C0836}"
EndProject
Project("{FAE04EC0-301F-11D3-BF4B-00C04F79EFBC}") = "CSharpProgramming_ArananYazilimciOlmakk", "CSharpProgramming_ArananYazilimciOlmakk\CSharpProgramming_ArananYazilimciOlmakk.csproj", "{60217114-B45B-4762-9C29-F411A0191784}"
EndProject
Project("{9A19103F-16F7-4668-BE54-9A1E7A4F7556}") = "SOLID_OpenClosedPrinciple", "SOLID_OpenClosedPrinciple\SOLID_OpenClosedPrinciple.csproj", "{32307229-75D9-4C7F-854A-22D47E098173}"
EndProject
Project("{FAE04EC0-301F-11D3-BF4B-00C04F79EFBC}") = "SOLID_SingleResponsibilityPrinciple", "SOLID_SingleResponsibilityPrinciple\SOLID_SingleResponsibilityPrinciple.csproj", "{3B685ED3-BC87-4065-B09A-0BF84A84E879}"
EndProject
Project("{FAE04EC0-301F-11D3-BF4B-00C04F79EFBC}") = "SOLID_LiskovsSubstitutionPrinciple", "SOLID_ LiskovsSubstitutionPrinciple\SOLID_LiskovsSubstitutionPrinciple.csproj", "{6FFD4189-8415-4569-BC66-308FA7B06706}"
EndProject
Project("{FAE04EC0-301F-11D3-BF4B-00C04F79EFBC}") = "SOLID_InterfaceSegregationPrinciple", "SOLID_InterfaceSegregationPrinciple\SOLID_InterfaceSegregationPrinciple.csproj", "{DE26FA77-C77E-46A3-9D09-BBB6436B4738}"
EndProject
Project("{2150E333-8FDC-42A3-9474-1A3956D46DE8}") = "CleanCode", "CleanCode", "{BD017CF7-B0BC-408C-8A11-63D231C763CC}"
EndProject
Project("{2150E333-8FDC-42A3-9474-1A3956D46DE8}") = "SOLID", "SOLID", "{974F649A-6E73-44AF-AA3A-9F4FAE212BB1}"
EndProject
Global
	GlobalSection(SolutionConfigurationPlatforms) = preSolution
		Debug|Any CPU = Debug|Any CPU
		Release|Any CPU = Release|Any CPU
	EndGlobalSection
	GlobalSection(ProjectConfigurationPlatforms) = postSolution
		{DBCBE5EA-002A-4A3D-B4D3-2D2A87922087}.Debug|Any CPU.ActiveCfg = Debug|Any CPU
		{DBCBE5EA-002A-4A3D-B4D3-2D2A87922087}.Debug|Any CPU.Build.0 = Debug|Any CPU
		{DBCBE5EA-002A-4A3D-B4D3-2D2A87922087}.Release|Any CPU.ActiveCfg = Release|Any CPU
		{DBCBE5EA-002A-4A3D-B4D3-2D2A87922087}.Release|Any CPU.Build.0 = Release|Any CPU
		{2E9F96FC-DDA5-4BA6-B449-E160BC300913}.Debug|Any CPU.ActiveCfg = Debug|Any CPU
		{2E9F96FC-DDA5-4BA6-B449-E160BC300913}.Debug|Any CPU.Build.0 = Debug|Any CPU
		{2E9F96FC-DDA5-4BA6-B449-E160BC300913}.Release|Any CPU.ActiveCfg = Release|Any CPU
		{2E9F96FC-DDA5-4BA6-B449-E160BC300913}.Release|Any CPU.Build.0 = Release|Any CPU
		{30984093-E314-43D1-A68E-3BF8556C0836}.Debug|Any CPU.ActiveCfg = Debug|Any CPU
		{30984093-E314-43D1-A68E-3BF8556C0836}.Debug|Any CPU.Build.0 = Debug|Any CPU
		{30984093-E314-43D1-A68E-3BF8556C0836}.Release|Any CPU.ActiveCfg = Release|Any CPU
		{30984093-E314-43D1-A68E-3BF8556C0836}.Release|Any CPU.Build.0 = Release|Any CPU
		{60217114-B45B-4762-9C29-F411A0191784}.Debug|Any CPU.ActiveCfg = Debug|Any CPU
		{60217114-B45B-4762-9C29-F411A0191784}.Debug|Any CPU.Build.0 = Debug|Any CPU
		{60217114-B45B-4762-9C29-F411A0191784}.Release|Any CPU.ActiveCfg = Release|Any CPU
		{60217114-B45B-4762-9C29-F411A0191784}.Release|Any CPU.Build.0 = Release|Any CPU
		{32307229-75D9-4C7F-854A-22D47E098173}.Debug|Any CPU.ActiveCfg = Debug|Any CPU
		{32307229-75D9-4C7F-854A-22D47E098173}.Debug|Any CPU.Build.0 = Debug|Any CPU
		{32307229-75D9-4C7F-854A-22D47E098173}.Release|Any CPU.ActiveCfg = Release|Any CPU
		{32307229-75D9-4C7F-854A-22D47E098173}.Release|Any CPU.Build.0 = Release|Any CPU
		{3B685ED3-BC87-4065-B09A-0BF84A84E879}.Debug|Any CPU.ActiveCfg = Debug|Any CPU
		{3B685ED3-BC87-4065-B09A-0BF84A84E879}.Debug|Any CPU.Build.0 = Debug|Any CPU
		{3B685ED3-BC87-4065-B09A-0BF84A84E879}.Release|Any CPU.ActiveCfg = Release|Any CPU
		{3B685ED3-BC87-4065-B09A-0BF84A84E879}.Release|Any CPU.Build.0 = Release|Any CPU
		{6FFD4189-8415-4569-BC66-308FA7B06706}.Debug|Any CPU.ActiveCfg = Debug|Any CPU
		{6FFD4189-8415-4569-BC66-308FA7B06706}.Debug|Any CPU.Build.0 = Debug|Any CPU
		{6FFD4189-8415-4569-BC66-308FA7B06706}.Release|Any CPU.ActiveCfg = Release|Any CPU
		{6FFD4189-8415-4569-BC66-308FA7B06706}.Release|Any CPU.Build.0 = Release|Any CPU
		{DE26FA77-C77E-46A3-9D09-BBB6436B4738}.Debug|Any CPU.ActiveCfg = Debug|Any CPU
		{DE26FA77-C77E-46A3-9D09-BBB6436B4738}.Debug|Any CPU.Build.0 = Debug|Any CPU
		{DE26FA77-C77E-46A3-9D09-BBB6436B4738}.Release|Any CPU.ActiveCfg = Release|Any CPU
		{DE26FA77-C77E-46A3-9D09-BBB6436B4738}.Release|Any CPU.Build.0 = Release|Any CPU
	EndGlobalSection
	GlobalSection(SolutionProperties) = preSolution
		HideSolutionNode = FALSE
	EndGlobalSection
	GlobalSection(NestedProjects) = preSolution
		{32307229-75D9-4C7F-854A-22D47E098173} = {974F649A-6E73-44AF-AA3A-9F4FAE212BB1}
		{3B685ED3-BC87-4065-B09A-0BF84A84E879} = {974F649A-6E73-44AF-AA3A-9F4FAE212BB1}
		{6FFD4189-8415-4569-BC66-308FA7B06706} = {974F649A-6E73-44AF-AA3A-9F4FAE212BB1}
		{DE26FA77-C77E-46A3-9D09-BBB6436B4738} = {974F649A-6E73-44AF-AA3A-9F4FAE212BB1}
	EndGlobalSection
	GlobalSection(ExtensibilityGlobals) = postSolution
		SolutionGuid = {4F95AC00-D303-4D17-AA52-5148BEB0F721}
	EndGlobalSection
EndGlobal
